
Microsoft Visual Studio Solution File, Format Version 12.00
# Visual Studio Version 16
VisualStudioVersion = 16.0.30804.86
MinimumVisualStudioVersion = 10.0.40219.1
Project("{FAE04EC0-301F-11D3-BF4B-00C04F79EFBC}") = "Chatbot", "Chatbot\Chatbot.csproj", "{DF7DD50C-28B9-4D00-9B3F-BD59C2FF4E5D}"
EndProject
Project("{E24C65DC-7377-472B-9ABA-BC803B73C61A}") = "ChatbotServicesIISHost", "ChatbotServicesIISHost\", "{392F1B0E-D8B2-4035-83C2-CFA86AA706DA}"
	ProjectSection(WebsiteProperties) = preProject
		TargetFrameworkMoniker = ".NETFramework,Version%3Dv4.7.2"
		ProjectReferences = "{df7dd50c-28b9-4d00-9b3f-bd59c2ff4e5d}|Chatbot.dll;"
		Debug.AspNetCompiler.VirtualPath = "/localhost_51869"
		Debug.AspNetCompiler.PhysicalPath = "ChatbotServicesIISHost\"
		Debug.AspNetCompiler.TargetPath = "PrecompiledWeb\localhost_51869\"
		Debug.AspNetCompiler.Updateable = "true"
		Debug.AspNetCompiler.ForceOverwrite = "true"
		Debug.AspNetCompiler.FixedNames = "false"
		Debug.AspNetCompiler.Debug = "True"
		Release.AspNetCompiler.VirtualPath = "/localhost_51869"
		Release.AspNetCompiler.PhysicalPath = "ChatbotServicesIISHost\"
		Release.AspNetCompiler.TargetPath = "PrecompiledWeb\localhost_51869\"
		Release.AspNetCompiler.Updateable = "true"
		Release.AspNetCompiler.ForceOverwrite = "true"
		Release.AspNetCompiler.FixedNames = "false"
		Release.AspNetCompiler.Debug = "False"
		VWDPort = "51869"
		SlnRelativePath = "ChatbotServicesIISHost\"
		DefaultWebSiteLanguage = "Visual C#"
	EndProjectSection
EndProject
Global
	GlobalSection(SolutionConfigurationPlatforms) = preSolution
		Debug|Any CPU = Debug|Any CPU
		Release|Any CPU = Release|Any CPU
	EndGlobalSection
	GlobalSection(ProjectConfigurationPlatforms) = postSolution
		{DF7DD50C-28B9-4D00-9B3F-BD59C2FF4E5D}.Debug|Any CPU.ActiveCfg = Debug|Any CPU
		{DF7DD50C-28B9-4D00-9B3F-BD59C2FF4E5D}.Debug|Any CPU.Build.0 = Debug|Any CPU
		{DF7DD50C-28B9-4D00-9B3F-BD59C2FF4E5D}.Release|Any CPU.ActiveCfg = Release|Any CPU
		{DF7DD50C-28B9-4D00-9B3F-BD59C2FF4E5D}.Release|Any CPU.Build.0 = Release|Any CPU
		{392F1B0E-D8B2-4035-83C2-CFA86AA706DA}.Debug|Any CPU.ActiveCfg = Debug|Any CPU
		{392F1B0E-D8B2-4035-83C2-CFA86AA706DA}.Debug|Any CPU.Build.0 = Debug|Any CPU
		{392F1B0E-D8B2-4035-83C2-CFA86AA706DA}.Release|Any CPU.ActiveCfg = Debug|Any CPU
		{392F1B0E-D8B2-4035-83C2-CFA86AA706DA}.Release|Any CPU.Build.0 = Debug|Any CPU
	EndGlobalSection
	GlobalSection(SolutionProperties) = preSolution
		HideSolutionNode = FALSE
	EndGlobalSection
	GlobalSection(ExtensibilityGlobals) = postSolution
		SolutionGuid = {5A1BD4DA-EC4D-4EB6-8979-30C0D5D08967}
	EndGlobalSection
EndGlobal
